{
  "name": "@kumux/colorscheme-engine",
  "version": "0.0.8",
  "lockfileVersion": 2,
  "requires": true,
  "packages": {
    "": {
      "name": "@kumux/colorscheme-engine",
      "version": "0.0.8",
      "license": "MIT",
      "dependencies": {
        "cross-fetch": "^3.1.4",
        "moment": "^2.29.1",
        "mustache": "^4.2.0",
        "persistent-cache": "^1.1.2"
      },
      "bin": {
        "kumux-colorscheme": "cli.js"
      }
    },
    "node_modules/cross-fetch": {
      "version": "3.1.4",
      "resolved": "https://registry.npmjs.org/cross-fetch/-/cross-fetch-3.1.4.tgz",
      "integrity": "sha512-1eAtFWdIubi6T4XPy6ei9iUFoKpUkIF971QLN8lIvvvwueI65+Nw5haMNKUwfJxabqlIIDODJKGrQ66gxC0PbQ==",
      "dependencies": {
        "node-fetch": "2.6.1"
      }
    },
    "node_modules/is": {
      "version": "0.2.7",
      "resolved": "https://registry.npmjs.org/is/-/is-0.2.7.tgz",
      "integrity": "sha1-OzSixI81mXLzUEKEkZOucmS2NWI=",
      "engines": {
        "node": "*"
      }
    },
    "node_modules/mkdirp-no-bin": {
      "version": "0.5.1",
      "resolved": "https://registry.npmjs.org/mkdirp-no-bin/-/mkdirp-no-bin-0.5.1.tgz",
      "integrity": "sha1-NMYjGW02+y7i5WGrYHMFYy4AYZ8="
    },
    "node_modules/moment": {
      "version": "2.29.1",
      "resolved": "https://registry.npmjs.org/moment/-/moment-2.29.1.tgz",
      "integrity": "sha512-kHmoybcPV8Sqy59DwNDY3Jefr64lK/by/da0ViFcuA4DH0vQg5Q6Ze5VimxkfQNSC+Mls/Kx53s7TjP1RhFEDQ==",
      "engines": {
        "node": "*"
      }
    },
    "node_modules/mustache": {
      "version": "4.2.0",
      "resolved": "https://registry.npmjs.org/mustache/-/mustache-4.2.0.tgz",
      "integrity": "sha512-71ippSywq5Yb7/tVYyGbkBggbU8H3u5Rz56fH60jGFgr8uHwxs+aSKeqmluIVzM0m0kB7xQjKS6qPfd0b2ZoqQ==",
      "bin": {
        "mustache": "bin/mustache"
      }
    },
    "node_modules/node-fetch": {
      "version": "2.6.1",
      "resolved": "https://registry.npmjs.org/node-fetch/-/node-fetch-2.6.1.tgz",
      "integrity": "sha512-V4aYg89jEoVRxRb2fJdAg8FHvI7cEyYdVAh94HH0UIK8oJxUfkjlDQN9RbMx+bEjP7+ggMiFRprSti032Oipxw==",
      "engines": {
        "node": "4.x || >=6.0.0"
      }
    },
    "node_modules/node.extend": {
      "version": "1.0.8",
      "resolved": "https://registry.npmjs.org/node.extend/-/node.extend-1.0.8.tgz",
      "integrity": "sha1-urBDefc4P0WHmQyd8Htqf2Xbdys=",
      "engines": [
        "node >= 0.4.0"
      ],
      "dependencies": {
        "is": "~0.2.6",
        "object-keys": "~0.4.0"
      }
    },
    "node_modules/node.flow": {
      "version": "1.2.3",
      "resolved": "https://registry.npmjs.org/node.flow/-/node.flow-1.2.3.tgz",
      "integrity": "sha1-4cRKgq7KjXi0WKd/s9xkLy66Jkk=",
      "engines": [
        "node >= 0.4.0"
      ],
      "dependencies": {
        "node.extend": "1.0.8"
      }
    },
    "node_modules/object-keys": {
      "version": "0.4.0",
      "resolved": "https://registry.npmjs.org/object-keys/-/object-keys-0.4.0.tgz",
      "integrity": "sha1-KKaq50KN0sOpLz2V8hM13SBOAzY="
    },
    "node_modules/persistent-cache": {
      "version": "1.1.2",
      "resolved": "https://registry.npmjs.org/persistent-cache/-/persistent-cache-1.1.2.tgz",
      "integrity": "sha512-kLyEWXf3hYDv4+NHclSCnjflEGqJMVdVDurNp25zuj9uI3BpkSvRSFtiXu2X9gyh+WkjcGVgcumoR06waIbF4g==",
      "dependencies": {
        "mkdirp-no-bin": "^0.5.1",
        "rmdir": "^1.2.0"
      }
    },
    "node_modules/rmdir": {
      "version": "1.2.0",
      "resolved": "https://registry.npmjs.org/rmdir/-/rmdir-1.2.0.tgz",
      "integrity": "sha1-T+A1fLBhaMJY5z6WgJPcTooPMlM=",
      "engines": [
        "node >= 0.8.0"
      ],
      "dependencies": {
        "node.flow": "1.2.3"
      }
    }
  },
  "dependencies": {
    "cross-fetch": {
      "version": "3.1.4",
      "resolved": "https://registry.npmjs.org/cross-fetch/-/cross-fetch-3.1.4.tgz",
      "integrity": "sha512-1eAtFWdIubi6T4XPy6ei9iUFoKpUkIF971QLN8lIvvvwueI65+Nw5haMNKUwfJxabqlIIDODJKGrQ66gxC0PbQ==",
      "requires": {
        "node-fetch": "2.6.1"
      }
    },
    "is": {
      "version": "0.2.7",
      "resolved": "https://registry.npmjs.org/is/-/is-0.2.7.tgz",
      "integrity": "sha1-OzSixI81mXLzUEKEkZOucmS2NWI="
    },
    "mkdirp-no-bin": {
      "version": "0.5.1",
      "resolved": "https://registry.npmjs.org/mkdirp-no-bin/-/mkdirp-no-bin-0.5.1.tgz",
      "integrity": "sha1-NMYjGW02+y7i5WGrYHMFYy4AYZ8="
    },
    "moment": {
      "version": "2.29.1",
      "resolved": "https://registry.npmjs.org/moment/-/moment-2.29.1.tgz",
      "integrity": "sha512-kHmoybcPV8Sqy59DwNDY3Jefr64lK/by/da0ViFcuA4DH0vQg5Q6Ze5VimxkfQNSC+Mls/Kx53s7TjP1RhFEDQ=="
    },
    "mustache": {
      "version": "4.2.0",
      "resolved": "https://registry.npmjs.org/mustache/-/mustache-4.2.0.tgz",
      "integrity": "sha512-71ippSywq5Yb7/tVYyGbkBggbU8H3u5Rz56fH60jGFgr8uHwxs+aSKeqmluIVzM0m0kB7xQjKS6qPfd0b2ZoqQ=="
    },
    "node-fetch": {
      "version": "2.6.1",
      "resolved": "https://registry.npmjs.org/node-fetch/-/node-fetch-2.6.1.tgz",
      "integrity": "sha512-V4aYg89jEoVRxRb2fJdAg8FHvI7cEyYdVAh94HH0UIK8oJxUfkjlDQN9RbMx+bEjP7+ggMiFRprSti032Oipxw=="
    },
    "node.extend": {
      "version": "1.0.8",
      "resolved": "https://registry.npmjs.org/node.extend/-/node.extend-1.0.8.tgz",
      "integrity": "sha1-urBDefc4P0WHmQyd8Htqf2Xbdys=",
      "requires": {
        "is": "~0.2.6",
        "object-keys": "~0.4.0"
      }
    },
    "node.flow": {
      "version": "1.2.3",
      "resolved": "https://registry.npmjs.org/node.flow/-/node.flow-1.2.3.tgz",
      "integrity": "sha1-4cRKgq7KjXi0WKd/s9xkLy66Jkk=",
      "requires": {
        "node.extend": "1.0.8"
      }
    },
    "object-keys": {
      "version": "0.4.0",
      "resolved": "https://registry.npmjs.org/object-keys/-/object-keys-0.4.0.tgz",
      "integrity": "sha1-KKaq50KN0sOpLz2V8hM13SBOAzY="
    },
    "persistent-cache": {
      "version": "1.1.2",
      "resolved": "https://registry.npmjs.org/persistent-cache/-/persistent-cache-1.1.2.tgz",
      "integrity": "sha512-kLyEWXf3hYDv4+NHclSCnjflEGqJMVdVDurNp25zuj9uI3BpkSvRSFtiXu2X9gyh+WkjcGVgcumoR06waIbF4g==",
      "requires": {
        "mkdirp-no-bin": "^0.5.1",
        "rmdir": "^1.2.0"
      }
    },
    "rmdir": {
      "version": "1.2.0",
      "resolved": "https://registry.npmjs.org/rmdir/-/rmdir-1.2.0.tgz",
      "integrity": "sha1-T+A1fLBhaMJY5z6WgJPcTooPMlM=",
      "requires": {
        "node.flow": "1.2.3"
      }
    }
  }
}
